
Microsoft Visual Studio Solution File, Format Version 12.00
# Visual Studio Version 17
VisualStudioVersion = 17.7.34024.191
MinimumVisualStudioVersion = 10.0.40219.1
Project("{9A19103F-16F7-4668-BE54-9A1E7A4F7556}") = "Ivanov-Leonid-KT-44-21", "Ivanov-Leonid-KT-44-21\Ivanov-Leonid-KT-44-21.csproj", "{9C3D9E65-10F8-4553-BB14-4A93EA884650}"
EndProject
Global
	GlobalSection(SolutionConfigurationPlatforms) = preSolution
		Debug|Any CPU = Debug|Any CPU
		Release|Any CPU = Release|Any CPU
	EndGlobalSection
	GlobalSection(ProjectConfigurationPlatforms) = postSolution
		{9C3D9E65-10F8-4553-BB14-4A93EA884650}.Debug|Any CPU.ActiveCfg = Debug|Any CPU
		{9C3D9E65-10F8-4553-BB14-4A93EA884650}.Debug|Any CPU.Build.0 = Debug|Any CPU
		{9C3D9E65-10F8-4553-BB14-4A93EA884650}.Release|Any CPU.ActiveCfg = Release|Any CPU
		{9C3D9E65-10F8-4553-BB14-4A93EA884650}.Release|Any CPU.Build.0 = Release|Any CPU
	EndGlobalSection
	GlobalSection(SolutionProperties) = preSolution
		HideSolutionNode = FALSE
	EndGlobalSection
	GlobalSection(ExtensibilityGlobals) = postSolution
		SolutionGuid = {50B18768-3071-495C-A3BD-07233E08F6B4}
	EndGlobalSection
EndGlobal
