
Microsoft Visual Studio Solution File, Format Version 12.00
# Visual Studio Version 16
VisualStudioVersion = 16.0.32802.440
MinimumVisualStudioVersion = 10.0.40219.1
Project("{FAE04EC0-301F-11D3-BF4B-00C04F79EFBC}") = "Ivanov-Leonid-KT-44-21", "Ivanov-Leonid-KT-44-21\Ivanov-Leonid-KT-44-21.csproj", "{FF2F8B90-5862-43BA-8C66-AFDE56CDA819}"
EndProject
Global
	GlobalSection(SolutionConfigurationPlatforms) = preSolution
		Debug|Any CPU = Debug|Any CPU
		Release|Any CPU = Release|Any CPU
	EndGlobalSection
	GlobalSection(ProjectConfigurationPlatforms) = postSolution
		{FF2F8B90-5862-43BA-8C66-AFDE56CDA819}.Debug|Any CPU.ActiveCfg = Debug|Any CPU
		{FF2F8B90-5862-43BA-8C66-AFDE56CDA819}.Debug|Any CPU.Build.0 = Debug|Any CPU
		{FF2F8B90-5862-43BA-8C66-AFDE56CDA819}.Release|Any CPU.ActiveCfg = Release|Any CPU
		{FF2F8B90-5862-43BA-8C66-AFDE56CDA819}.Release|Any CPU.Build.0 = Release|Any CPU
	EndGlobalSection
	GlobalSection(SolutionProperties) = preSolution
		HideSolutionNode = FALSE
	EndGlobalSection
	GlobalSection(ExtensibilityGlobals) = postSolution
		SolutionGuid = {49F67779-DDA7-4CAD-B445-54C91D2D84BF}
	EndGlobalSection
EndGlobal
